Microsoft Visual Studio Solution File, Format Version 12.00
# Visual Studio 2012
Project("{FAE04EC0-301F-11D3-BF4B-00C04F79EFBC}") = "Multiplayer-Test", "Multiplayer-Test.csproj", "{F044F949-1AA4-4BBA-BC23-28DD446EDC6D}"
EndProject
Global
	GlobalSection(SolutionConfigurationPlatforms) = preSolution
	Debug|Any CPU = Debug|Any CPU
	ExportDebug|Any CPU = ExportDebug|Any CPU
	ExportRelease|Any CPU = ExportRelease|Any CPU
	EndGlobalSection
	GlobalSection(ProjectConfigurationPlatforms) = postSolution
		{F044F949-1AA4-4BBA-BC23-28DD446EDC6D}.Debug|Any CPU.ActiveCfg = Debug|Any CPU
		{F044F949-1AA4-4BBA-BC23-28DD446EDC6D}.Debug|Any CPU.Build.0 = Debug|Any CPU
		{F044F949-1AA4-4BBA-BC23-28DD446EDC6D}.ExportDebug|Any CPU.ActiveCfg = ExportDebug|Any CPU
		{F044F949-1AA4-4BBA-BC23-28DD446EDC6D}.ExportDebug|Any CPU.Build.0 = ExportDebug|Any CPU
		{F044F949-1AA4-4BBA-BC23-28DD446EDC6D}.ExportRelease|Any CPU.ActiveCfg = ExportRelease|Any CPU
		{F044F949-1AA4-4BBA-BC23-28DD446EDC6D}.ExportRelease|Any CPU.Build.0 = ExportRelease|Any CPU
	EndGlobalSection
EndGlobal
